
Microsoft Visual Studio Solution File, Format Version 12.00
# Visual Studio Version 16
VisualStudioVersion = 16.0.31410.357
MinimumVisualStudioVersion = 10.0.40219.1
Project("{FAE04EC0-301F-11D3-BF4B-00C04F79EFBC}") = "Tarea04_5", "Tarea04_5\Tarea04_5.csproj", "{E29B12F3-13D1-4527-B4F6-DCAC8F402B3F}"
EndProject
Global
	GlobalSection(SolutionConfigurationPlatforms) = preSolution
		Debug|Any CPU = Debug|Any CPU
		Release|Any CPU = Release|Any CPU
	EndGlobalSection
	GlobalSection(ProjectConfigurationPlatforms) = postSolution
		{E29B12F3-13D1-4527-B4F6-DCAC8F402B3F}.Debug|Any CPU.ActiveCfg = Debug|Any CPU
		{E29B12F3-13D1-4527-B4F6-DCAC8F402B3F}.Debug|Any CPU.Build.0 = Debug|Any CPU
		{E29B12F3-13D1-4527-B4F6-DCAC8F402B3F}.Release|Any CPU.ActiveCfg = Release|Any CPU
		{E29B12F3-13D1-4527-B4F6-DCAC8F402B3F}.Release|Any CPU.Build.0 = Release|Any CPU
	EndGlobalSection
	GlobalSection(SolutionProperties) = preSolution
		HideSolutionNode = FALSE
	EndGlobalSection
	GlobalSection(ExtensibilityGlobals) = postSolution
		SolutionGuid = {8C1B33E5-D9E1-4305-B203-973FA2E778B2}
	EndGlobalSection
EndGlobal
